// !$*UTF8*$!
{
	archiveVersion = 1;
	classes = {
	};
	objectVersion = 50;
	objects = {

/* Begin PBXBuildFile section */
		BE5A1E1DCA26C33A7BBECBBB /* libPods-PFDevelopKitUITests.a in Frameworks */ = {isa = PBXBuildFile; fileRef = 1C19FE5887DA149B820D64DC /* libPods-PFDevelopKitUITests.a */; };
		E08E44700CF2774B7AC269DA /* libPods-PFDevelopKitTests.a in Frameworks */ = {isa = PBXBuildFile; fileRef = 47B19E47B01DE81D48C15295 /* libPods-PFDevelopKitTests.a */; };
		ED09C45F21942B3E00D41F08 /* PFDeviceInfoTool.m in Sources */ = {isa = PBXBuildFile; fileRef = ED09C45D21942B3E00D41F08 /* PFDeviceInfoTool.m */; };
		ED1BCF0D21942910006924D9 /* UILabel+Addition.m in Sources */ = {isa = PBXBuildFile; fileRef = ED1BCF0021942910006924D9 /* UILabel+Addition.m */; };
		ED1BCF0E21942910006924D9 /* UIButton+Addition.m in Sources */ = {isa = PBXBuildFile; fileRef = ED1BCF0221942910006924D9 /* UIButton+Addition.m */; };
		ED1BCF0F21942910006924D9 /* UIColor+Addition.m in Sources */ = {isa = PBXBuildFile; fileRef = ED1BCF0621942910006924D9 /* UIColor+Addition.m */; };
		ED32A82C21AEA81600C4EE9E /* Addition.m in Sources */ = {isa = PBXBuildFile; fileRef = ED32A82B21AEA81600C4EE9E /* Addition.m */; };
		ED67EAC121A3A82400C9F524 /* NSString+Addition.m in Sources */ = {isa = PBXBuildFile; fileRef = ED67EAC021A3A82400C9F524 /* NSString+Addition.m */; };
		ED7E1A17219BB8150086907E /* PFWKWebView.m in Sources */ = {isa = PBXBuildFile; fileRef = ED7E1A16219BB8150086907E /* PFWKWebView.m */; };
		ED9885B721ABC52B00872903 /* PFUITextFieldDemoVC.m in Sources */ = {isa = PBXBuildFile; fileRef = ED9885B621ABC52B00872903 /* PFUITextFieldDemoVC.m */; };
		ED995390219E94F800B197F8 /* UIImage+Addition.m in Sources */ = {isa = PBXBuildFile; fileRef = ED99538E219E94F800B197F8 /* UIImage+Addition.m */; };
		ED995395219EA36600B197F8 /* UIAlertController+PPP.m in Sources */ = {isa = PBXBuildFile; fileRef = ED995394219EA36600B197F8 /* UIAlertController+PPP.m */; };
		ED995398219EA50200B197F8 /* PFTestAlertVC.m in Sources */ = {isa = PBXBuildFile; fileRef = ED995397219EA50200B197F8 /* PFTestAlertVC.m */; };
		EDD70380219AA92200BBEC49 /* WKWebView+Addition.m in Sources */ = {isa = PBXBuildFile; fileRef = EDD7037F219AA92200BBEC49 /* WKWebView+Addition.m */; };
		EDDCCB7F219426F400FA401E /* AppDelegate.m in Sources */ = {isa = PBXBuildFile; fileRef = EDDCCB7E219426F400FA401E /* AppDelegate.m */; };
		EDDCCB82219426F400FA401E /* MainVC.m in Sources */ = {isa = PBXBuildFile; fileRef = EDDCCB81219426F400FA401E /* MainVC.m */; };
		EDDCCB88219426F400FA401E /* PFDevelopKit.xcdatamodeld in Sources */ = {isa = PBXBuildFile; fileRef = EDDCCB86219426F400FA401E /* PFDevelopKit.xcdatamodeld */; };
		EDDCCB8A219426F500FA401E /* Assets.xcassets in Resources */ = {isa = PBXBuildFile; fileRef = EDDCCB89219426F500FA401E /* Assets.xcassets */; };
		EDDCCB8D219426F500FA401E /* LaunchScreen.storyboard in Resources */ = {isa = PBXBuildFile; fileRef = EDDCCB8B219426F500FA401E /* LaunchScreen.storyboard */; };
		EDDCCB90219426F500FA401E /* main.m in Sources */ = {isa = PBXBuildFile; fileRef = EDDCCB8F219426F500FA401E /* main.m */; };
		EDDCCB9A219426F500FA401E /* PFDevelopKitTests.m in Sources */ = {isa = PBXBuildFile; fileRef = EDDCCB99219426F500FA401E /* PFDevelopKitTests.m */; };
		EDDCCBA5219426F500FA401E /* PFDevelopKitUITests.m in Sources */ = {isa = PBXBuildFile; fileRef = EDDCCBA4219426F500FA401E /* PFDevelopKitUITests.m */; };
		EDEFEAB621AD1CD200F89C85 /* PFCLViewDemoVC.m in Sources */ = {isa = PBXBuildFile; fileRef = EDEFEAB521AD1CD200F89C85 /* PFCLViewDemoVC.m */; };
		EDEFEABA21AD1DEA00F89C85 /* GPSearchFilterVC.m in Sources */ = {isa = PBXBuildFile; fileRef = EDEFEAB921AD1DEA00F89C85 /* GPSearchFilterVC.m */; };
		EDEFEABD21AD3E2400F89C85 /* GPSearchFilterCLCell.m in Sources */ = {isa = PBXBuildFile; fileRef = EDEFEABC21AD3E2400F89C85 /* GPSearchFilterCLCell.m */; };
		EDEFEAC021AD3E8200F89C85 /* GPSearchFilterCLHeader.m in Sources */ = {isa = PBXBuildFile; fileRef = EDEFEABF21AD3E8200F89C85 /* GPSearchFilterCLHeader.m */; };
		EDF571EC22670387003CFAF6 /* PFMotionVC.m in Sources */ = {isa = PBXBuildFile; fileRef = EDF571EB22670387003CFAF6 /* PFMotionVC.m */; };
		F8A82CBD0B5CD4CD59A24545 /* libPods-PFDevelopKit.a in Frameworks */ = {isa = PBXBuildFile; fileRef = AEA6A77CC62CD48B7D3DF829 /* libPods-PFDevelopKit.a */; };
/* End PBXBuildFile section */

/* Begin PBXContainerItemProxy section */
		EDDCCB96219426F500FA401E /* PBXContainerItemProxy */ = {
			isa = PBXContainerItemProxy;
			containerPortal = EDDCCB72219426F300FA401E /* Project object */;
			proxyType = 1;
			remoteGlobalIDString = EDDCCB79219426F400FA401E;
			remoteInfo = PFDevelopKit;
		};
		EDDCCBA1219426F500FA401E /* PBXContainerItemProxy */ = {
			isa = PBXContainerItemProxy;
			containerPortal = EDDCCB72219426F300FA401E /* Project object */;
			proxyType = 1;
			remoteGlobalIDString = EDDCCB79219426F400FA401E;
			remoteInfo = PFDevelopKit;
		};
/* End PBXContainerItemProxy section */

/* Begin PBXFileReference section */
		1C19FE5887DA149B820D64DC /* libPods-PFDevelopKitUITests.a */ = {isa = PBXFileReference; explicitFileType = archive.ar; includeInIndex = 0; path = "libPods-PFDevelopKitUITests.a"; sourceTree = BUILT_PRODUCTS_DIR; };
		288623965B3FBA042710A0C9 /* Pods-PFDevelopKitTests.release.xcconfig */ = {isa = PBXFileReference; includeInIndex = 1; lastKnownFileType = text.xcconfig; name = "Pods-PFDevelopKitTests.release.xcconfig"; path = "Pods/Target Support Files/Pods-PFDevelopKitTests/Pods-PFDevelopKitTests.release.xcconfig"; sourceTree = "<group>"; };
		32DCE13ED38E345B3D6FE071 /* Pods-PFDevelopKit.debug.xcconfig */ = {isa = PBXFileReference; includeInIndex = 1; lastKnownFileType = text.xcconfig; name = "Pods-PFDevelopKit.debug.xcconfig"; path = "Pods/Target Support Files/Pods-PFDevelopKit/Pods-PFDevelopKit.debug.xcconfig"; sourceTree = "<group>"; };
		47B19E47B01DE81D48C15295 /* libPods-PFDevelopKitTests.a */ = {isa = PBXFileReference; explicitFileType = archive.ar; includeInIndex = 0; path = "libPods-PFDevelopKitTests.a"; sourceTree = BUILT_PRODUCTS_DIR; };
		762E4A224999B8BD04C012D0 /* Pods-PFDevelopKit.release.xcconfig */ = {isa = PBXFileReference; includeInIndex = 1; lastKnownFileType = text.xcconfig; name = "Pods-PFDevelopKit.release.xcconfig"; path = "Pods/Target Support Files/Pods-PFDevelopKit/Pods-PFDevelopKit.release.xcconfig"; sourceTree = "<group>"; };
		7B878156A7F925973FE86B33 /* Pods-PFDevelopKitTests.debug.xcconfig */ = {isa = PBXFileReference; includeInIndex = 1; lastKnownFileType = text.xcconfig; name = "Pods-PFDevelopKitTests.debug.xcconfig"; path = "Pods/Target Support Files/Pods-PFDevelopKitTests/Pods-PFDevelopKitTests.debug.xcconfig"; sourceTree = "<group>"; };
		AEA6A77CC62CD48B7D3DF829 /* libPods-PFDevelopKit.a */ = {isa = PBXFileReference; explicitFileType = archive.ar; includeInIndex = 0; path = "libPods-PFDevelopKit.a"; sourceTree = BUILT_PRODUCTS_DIR; };
		B1ADF5B2A611A6FEBCA2D6F8 /* Pods-PFDevelopKitUITests.release.xcconfig */ = {isa = PBXFileReference; includeInIndex = 1; lastKnownFileType = text.xcconfig; name = "Pods-PFDevelopKitUITests.release.xcconfig"; path = "Pods/Target Support Files/Pods-PFDevelopKitUITests/Pods-PFDevelopKitUITests.release.xcconfig"; sourceTree = "<group>"; };
		B6C44A9606D73F236288455E /* Pods-PFDevelopKitUITests.debug.xcconfig */ = {isa = PBXFileReference; includeInIndex = 1; lastKnownFileType = text.xcconfig; name = "Pods-PFDevelopKitUITests.debug.xcconfig"; path = "Pods/Target Support Files/Pods-PFDevelopKitUITests/Pods-PFDevelopKitUITests.debug.xcconfig"; sourceTree = "<group>"; };
		ED09C45D21942B3E00D41F08 /* PFDeviceInfoTool.m */ = {isa = PBXFileReference; fileEncoding = 4; lastKnownFileType = sourcecode.c.objc; path = PFDeviceInfoTool.m; sourceTree = "<group>"; };
		ED09C45E21942B3E00D41F08 /* PFDeviceInfoTool.h */ = {isa = PBXFileReference; fileEncoding = 4; lastKnownFileType = sourcecode.c.h; path = PFDeviceInfoTool.h; sourceTree = "<group>"; };
		ED1BCEEE21942855006924D9 /* PrefixHeader.pch */ = {isa = PBXFileReference; lastKnownFileType = sourcecode.c.h; path = PrefixHeader.pch; sourceTree = "<group>"; };
		ED1BCEF221942910006924D9 /* PFTools.h */ = {isa = PBXFileReference; fileEncoding = 4; lastKnownFileType = sourcecode.c.h; path = PFTools.h; sourceTree = "<group>"; };
		ED1BCF0021942910006924D9 /* UILabel+Addition.m */ = {isa = PBXFileReference; fileEncoding = 4; lastKnownFileType = sourcecode.c.objc; path = "UILabel+Addition.m"; sourceTree = "<group>"; };
		ED1BCF0121942910006924D9 /* UIColor+Addition.h */ = {isa = PBXFileReference; fileEncoding = 4; lastKnownFileType = sourcecode.c.h; path = "UIColor+Addition.h"; sourceTree = "<group>"; };
		ED1BCF0221942910006924D9 /* UIButton+Addition.m */ = {isa = PBXFileReference; fileEncoding = 4; lastKnownFileType = sourcecode.c.objc; path = "UIButton+Addition.m"; sourceTree = "<group>"; };
		ED1BCF0321942910006924D9 /* PFAdditions.h */ = {isa = PBXFileReference; fileEncoding = 4; lastKnownFileType = sourcecode.c.h; path = PFAdditions.h; sourceTree = "<group>"; };
		ED1BCF0421942910006924D9 /* UILabel+Addition.h */ = {isa = PBXFileReference; fileEncoding = 4; lastKnownFileType = sourcecode.c.h; path = "UILabel+Addition.h"; sourceTree = "<group>"; };
		ED1BCF0521942910006924D9 /* UIButton+Addition.h */ = {isa = PBXFileReference; fileEncoding = 4; lastKnownFileType = sourcecode.c.h; path = "UIButton+Addition.h"; sourceTree = "<group>"; };
		ED1BCF0621942910006924D9 /* UIColor+Addition.m */ = {isa = PBXFileReference; fileEncoding = 4; lastKnownFileType = sourcecode.c.objc; path = "UIColor+Addition.m"; sourceTree = "<group>"; };
		ED32A82A21AEA81600C4EE9E /* Addition.h */ = {isa = PBXFileReference; lastKnownFileType = sourcecode.c.h; path = Addition.h; sourceTree = "<group>"; };
		ED32A82B21AEA81600C4EE9E /* Addition.m */ = {isa = PBXFileReference; lastKnownFileType = sourcecode.c.objc; path = Addition.m; sourceTree = "<group>"; };
		ED67EABF21A3A82400C9F524 /* NSString+Addition.h */ = {isa = PBXFileReference; lastKnownFileType = sourcecode.c.h; path = "NSString+Addition.h"; sourceTree = "<group>"; };
		ED67EAC021A3A82400C9F524 /* NSString+Addition.m */ = {isa = PBXFileReference; lastKnownFileType = sourcecode.c.objc; path = "NSString+Addition.m"; sourceTree = "<group>"; };
		ED67EAC321A3B9FB00C9F524 /* NSString+xxx.h */ = {isa = PBXFileReference; fileEncoding = 4; lastKnownFileType = sourcecode.c.h; path = "NSString+xxx.h"; sourceTree = "<group>"; };
		ED7E1A15219BB8150086907E /* PFWKWebView.h */ = {isa = PBXFileReference; lastKnownFileType = sourcecode.c.h; path = PFWKWebView.h; sourceTree = "<group>"; };
		ED7E1A16219BB8150086907E /* PFWKWebView.m */ = {isa = PBXFileReference; lastKnownFileType = sourcecode.c.objc; path = PFWKWebView.m; sourceTree = "<group>"; };
		ED9885B521ABC52B00872903 /* PFUITextFieldDemoVC.h */ = {isa = PBXFileReference; lastKnownFileType = sourcecode.c.h; path = PFUITextFieldDemoVC.h; sourceTree = "<group>"; };
		ED9885B621ABC52B00872903 /* PFUITextFieldDemoVC.m */ = {isa = PBXFileReference; lastKnownFileType = sourcecode.c.objc; path = PFUITextFieldDemoVC.m; sourceTree = "<group>"; };
		ED99538E219E94F800B197F8 /* UIImage+Addition.m */ = {isa = PBXFileReference; fileEncoding = 4; lastKnownFileType = sourcecode.c.objc; path = "UIImage+Addition.m"; sourceTree = "<group>"; };
		ED99538F219E94F800B197F8 /* UIImage+Addition.h */ = {isa = PBXFileReference; fileEncoding = 4; lastKnownFileType = sourcecode.c.h; path = "UIImage+Addition.h"; sourceTree = "<group>"; };
		ED995393219EA36600B197F8 /* UIAlertController+PPP.h */ = {isa = PBXFileReference; lastKnownFileType = sourcecode.c.h; path = "UIAlertController+PPP.h"; sourceTree = "<group>"; };
		ED995394219EA36600B197F8 /* UIAlertController+PPP.m */ = {isa = PBXFileReference; lastKnownFileType = sourcecode.c.objc; path = "UIAlertController+PPP.m"; sourceTree = "<group>"; };
		ED995396219EA50200B197F8 /* PFTestAlertVC.h */ = {isa = PBXFileReference; lastKnownFileType = sourcecode.c.h; path = PFTestAlertVC.h; sourceTree = "<group>"; };
		ED995397219EA50200B197F8 /* PFTestAlertVC.m */ = {isa = PBXFileReference; lastKnownFileType = sourcecode.c.objc; path = PFTestAlertVC.m; sourceTree = "<group>"; };
		EDD7037E219AA92200BBEC49 /* WKWebView+Addition.h */ = {isa = PBXFileReference; lastKnownFileType = sourcecode.c.h; path = "WKWebView+Addition.h"; sourceTree = "<group>"; };
		EDD7037F219AA92200BBEC49 /* WKWebView+Addition.m */ = {isa = PBXFileReference; lastKnownFileType = sourcecode.c.objc; path = "WKWebView+Addition.m"; sourceTree = "<group>"; };
		EDDCCB7A219426F400FA401E /* PFDevelopKit.app */ = {isa = PBXFileReference; explicitFileType = wrapper.application; includeInIndex = 0; path = PFDevelopKit.app; sourceTree = BUILT_PRODUCTS_DIR; };
		EDDCCB7D219426F400FA401E /* AppDelegate.h */ = {isa = PBXFileReference; lastKnownFileType = sourcecode.c.h; path = AppDelegate.h; sourceTree = "<group>"; };
		EDDCCB7E219426F400FA401E /* AppDelegate.m */ = {isa = PBXFileReference; lastKnownFileType = sourcecode.c.objc; path = AppDelegate.m; sourceTree = "<group>"; };
		EDDCCB80219426F400FA401E /* MainVC.h */ = {isa = PBXFileReference; lastKnownFileType = sourcecode.c.h; path = MainVC.h; sourceTree = "<group>"; };
		EDDCCB81219426F400FA401E /* MainVC.m */ = {isa = PBXFileReference; lastKnownFileType = sourcecode.c.objc; path = MainVC.m; sourceTree = "<group>"; };
		EDDCCB87219426F400FA401E /* PFDevelopKit.xcdatamodel */ = {isa = PBXFileReference; lastKnownFileType = wrapper.xcdatamodel; path = PFDevelopKit.xcdatamodel; sourceTree = "<group>"; };
		EDDCCB89219426F500FA401E /* Assets.xcassets */ = {isa = PBXFileReference; lastKnownFileType = folder.assetcatalog; path = Assets.xcassets; sourceTree = "<group>"; };
		EDDCCB8C219426F500FA401E /* Base */ = {isa = PBXFileReference; lastKnownFileType = file.storyboard; name = Base; path = Base.lproj/LaunchScreen.storyboard; sourceTree = "<group>"; };
		EDDCCB8E219426F500FA401E /* Info.plist */ = {isa = PBXFileReference; lastKnownFileType = text.plist.xml; path = Info.plist; sourceTree = "<group>"; };
		EDDCCB8F219426F500FA401E /* main.m */ = {isa = PBXFileReference; lastKnownFileType = sourcecode.c.objc; path = main.m; sourceTree = "<group>"; };
		EDDCCB95219426F500FA401E /* PFDevelopKitTests.xctest */ = {isa = PBXFileReference; explicitFileType = wrapper.cfbundle; includeInIndex = 0; path = PFDevelopKitTests.xctest; sourceTree = BUILT_PRODUCTS_DIR; };
		EDDCCB99219426F500FA401E /* PFDevelopKitTests.m */ = {isa = PBXFileReference; lastKnownFileType = sourcecode.c.objc; path = PFDevelopKitTests.m; sourceTree = "<group>"; };
		EDDCCB9B219426F500FA401E /* Info.plist */ = {isa = PBXFileReference; lastKnownFileType = text.plist.xml; path = Info.plist; sourceTree = "<group>"; };
		EDDCCBA0219426F500FA401E /* PFDevelopKitUITests.xctest */ = {isa = PBXFileReference; explicitFileType = wrapper.cfbundle; includeInIndex = 0; path = PFDevelopKitUITests.xctest; sourceTree = BUILT_PRODUCTS_DIR; };
		EDDCCBA4219426F500FA401E /* PFDevelopKitUITests.m */ = {isa = PBXFileReference; lastKnownFileType = sourcecode.c.objc; path = PFDevelopKitUITests.m; sourceTree = "<group>"; };
		EDDCCBA6219426F500FA401E /* Info.plist */ = {isa = PBXFileReference; lastKnownFileType = text.plist.xml; path = Info.plist; sourceTree = "<group>"; };
		EDEFEAB421AD1CD200F89C85 /* PFCLViewDemoVC.h */ = {isa = PBXFileReference; lastKnownFileType = sourcecode.c.h; path = PFCLViewDemoVC.h; sourceTree = "<group>"; };
		EDEFEAB521AD1CD200F89C85 /* PFCLViewDemoVC.m */ = {isa = PBXFileReference; lastKnownFileType = sourcecode.c.objc; path = PFCLViewDemoVC.m; sourceTree = "<group>"; };
		EDEFEAB821AD1DEA00F89C85 /* GPSearchFilterVC.h */ = {isa = PBXFileReference; lastKnownFileType = sourcecode.c.h; path = GPSearchFilterVC.h; sourceTree = "<group>"; };
		EDEFEAB921AD1DEA00F89C85 /* GPSearchFilterVC.m */ = {isa = PBXFileReference; lastKnownFileType = sourcecode.c.objc; path = GPSearchFilterVC.m; sourceTree = "<group>"; };
		EDEFEABB21AD3E2400F89C85 /* GPSearchFilterCLCell.h */ = {isa = PBXFileReference; lastKnownFileType = sourcecode.c.h; path = GPSearchFilterCLCell.h; sourceTree = "<group>"; };
		EDEFEABC21AD3E2400F89C85 /* GPSearchFilterCLCell.m */ = {isa = PBXFileReference; lastKnownFileType = sourcecode.c.objc; path = GPSearchFilterCLCell.m; sourceTree = "<group>"; };
		EDEFEABE21AD3E8200F89C85 /* GPSearchFilterCLHeader.h */ = {isa = PBXFileReference; lastKnownFileType = sourcecode.c.h; path = GPSearchFilterCLHeader.h; sourceTree = "<group>"; };
		EDEFEABF21AD3E8200F89C85 /* GPSearchFilterCLHeader.m */ = {isa = PBXFileReference; lastKnownFileType = sourcecode.c.objc; path = GPSearchFilterCLHeader.m; sourceTree = "<group>"; };
		EDF571EA22670387003CFAF6 /* PFMotionVC.h */ = {isa = PBXFileReference; lastKnownFileType = sourcecode.c.h; path = PFMotionVC.h; sourceTree = "<group>"; };
		EDF571EB22670387003CFAF6 /* PFMotionVC.m */ = {isa = PBXFileReference; lastKnownFileType = sourcecode.c.objc; path = PFMotionVC.m; sourceTree = "<group>"; };
/* End PBXFileReference section */

/* Begin PBXFrameworksBuildPhase section */
		EDDCCB77219426F400FA401E /* Frameworks */ = {
			isa = PBXFrameworksBuildPhase;
			buildActionMask = 2147483647;
			files = (
				F8A82CBD0B5CD4CD59A24545 /* libPods-PFDevelopKit.a in Frameworks */,
			);
			runOnlyForDeploymentPostprocessing = 0;
		};
		EDDCCB92219426F500FA401E /* Frameworks */ = {
			isa = PBXFrameworksBuildPhase;
			buildActionMask = 2147483647;
			files = (
				E08E44700CF2774B7AC269DA /* libPods-PFDevelopKitTests.a in Frameworks */,
			);
			runOnlyForDeploymentPostprocessing = 0;
		};
		EDDCCB9D219426F500FA401E /* Frameworks */ = {
			isa = PBXFrameworksBuildPhase;
			buildActionMask = 2147483647;
			files = (
				BE5A1E1DCA26C33A7BBECBBB /* libPods-PFDevelopKitUITests.a in Frameworks */,
			);
			runOnlyForDeploymentPostprocessing = 0;
		};
/* End PBXFrameworksBuildPhase section */

/* Begin PBXGroup section */
		86F071AF9DF08BC8C091B443 /* Pods */ = {
			isa = PBXGroup;
			children = (
				32DCE13ED38E345B3D6FE071 /* Pods-PFDevelopKit.debug.xcconfig */,
				762E4A224999B8BD04C012D0 /* Pods-PFDevelopKit.release.xcconfig */,
				7B878156A7F925973FE86B33 /* Pods-PFDevelopKitTests.debug.xcconfig */,
				288623965B3FBA042710A0C9 /* Pods-PFDevelopKitTests.release.xcconfig */,
				B6C44A9606D73F236288455E /* Pods-PFDevelopKitUITests.debug.xcconfig */,
				B1ADF5B2A611A6FEBCA2D6F8 /* Pods-PFDevelopKitUITests.release.xcconfig */,
			);
			name = Pods;
			sourceTree = "<group>";
		};
		EB9180F61E301702283FD6B3 /* Frameworks */ = {
			isa = PBXGroup;
			children = (
				AEA6A77CC62CD48B7D3DF829 /* libPods-PFDevelopKit.a */,
				47B19E47B01DE81D48C15295 /* libPods-PFDevelopKitTests.a */,
				1C19FE5887DA149B820D64DC /* libPods-PFDevelopKitUITests.a */,
			);
			name = Frameworks;
			sourceTree = "<group>";
		};
		ED1BCEEF21942910006924D9 /* PFTools */ = {
			isa = PBXGroup;
			children = (
				ED1BCEF221942910006924D9 /* PFTools.h */,
				ED09C45E21942B3E00D41F08 /* PFDeviceInfoTool.h */,
				ED09C45D21942B3E00D41F08 /* PFDeviceInfoTool.m */,
			);
			path = PFTools;
			sourceTree = "<group>";
		};
		ED1BCEF321942910006924D9 /* Class */ = {
			isa = PBXGroup;
			children = (
				EDF571E6226701E1003CFAF6 /* Home */,
				EDF571E52266F91A003CFAF6 /* UIKit */,
				EDF571E42266F8E6003CFAF6 /* CoreMotion */,
			);
			path = Class;
			sourceTree = "<group>";
		};
		ED1BCEFF21942910006924D9 /* PFAdditions */ = {
			isa = PBXGroup;
			children = (
				ED1BCF0321942910006924D9 /* PFAdditions.h */,
				ED67EABF21A3A82400C9F524 /* NSString+Addition.h */,
				ED67EAC021A3A82400C9F524 /* NSString+Addition.m */,
				ED67EAC321A3B9FB00C9F524 /* NSString+xxx.h */,
				ED1BCF0521942910006924D9 /* UIButton+Addition.h */,
				ED1BCF0221942910006924D9 /* UIButton+Addition.m */,
				ED1BCF0121942910006924D9 /* UIColor+Addition.h */,
				ED1BCF0621942910006924D9 /* UIColor+Addition.m */,
				ED99538F219E94F800B197F8 /* UIImage+Addition.h */,
				ED99538E219E94F800B197F8 /* UIImage+Addition.m */,
				ED1BCF0421942910006924D9 /* UILabel+Addition.h */,
				ED1BCF0021942910006924D9 /* UILabel+Addition.m */,
				ED32A82A21AEA81600C4EE9E /* Addition.h */,
				ED32A82B21AEA81600C4EE9E /* Addition.m */,
				ED995393219EA36600B197F8 /* UIAlertController+PPP.h */,
				ED995394219EA36600B197F8 /* UIAlertController+PPP.m */,
				EDD7037E219AA92200BBEC49 /* WKWebView+Addition.h */,
				EDD7037F219AA92200BBEC49 /* WKWebView+Addition.m */,
			);
			path = PFAdditions;
			sourceTree = "<group>";
		};
		EDA9E658225C6AD500F1AE98 /* Resource */ = {
			isa = PBXGroup;
			children = (
				EDDCCB89219426F500FA401E /* Assets.xcassets */,
				EDDCCB8B219426F500FA401E /* LaunchScreen.storyboard */,
				EDDCCB8E219426F500FA401E /* Info.plist */,
				EDDCCB8F219426F500FA401E /* main.m */,
				EDDCCB86219426F400FA401E /* PFDevelopKit.xcdatamodeld */,
			);
			path = Resource;
			sourceTree = "<group>";
		};
		EDDCCB71219426F300FA401E = {
			isa = PBXGroup;
			children = (
				EDDCCB7C219426F400FA401E /* PFDevelopKit */,
				EDDCCB98219426F500FA401E /* PFDevelopKitTests */,
				EDDCCBA3219426F500FA401E /* PFDevelopKitUITests */,
				EDDCCB7B219426F400FA401E /* Products */,
				86F071AF9DF08BC8C091B443 /* Pods */,
				EB9180F61E301702283FD6B3 /* Frameworks */,
			);
			sourceTree = "<group>";
		};
		EDDCCB7B219426F400FA401E /* Products */ = {
			isa = PBXGroup;
			children = (
				EDDCCB7A219426F400FA401E /* PFDevelopKit.app */,
				EDDCCB95219426F500FA401E /* PFDevelopKitTests.xctest */,
				EDDCCBA0219426F500FA401E /* PFDevelopKitUITests.xctest */,
			);
			name = Products;
			sourceTree = "<group>";
		};
		EDDCCB7C219426F400FA401E /* PFDevelopKit */ = {
			isa = PBXGroup;
			children = (
				ED1BCEEE21942855006924D9 /* PrefixHeader.pch */,
				EDDCCB7D219426F400FA401E /* AppDelegate.h */,
				EDDCCB7E219426F400FA401E /* AppDelegate.m */,
				ED1BCEFF21942910006924D9 /* PFAdditions */,
				ED1BCEEF21942910006924D9 /* PFTools */,
				ED1BCEF321942910006924D9 /* Class */,
				EDA9E658225C6AD500F1AE98 /* Resource */,
			);
			path = PFDevelopKit;
			sourceTree = "<group>";
		};
		EDDCCB98219426F500FA401E /* PFDevelopKitTests */ = {
			isa = PBXGroup;
			children = (
				EDDCCB99219426F500FA401E /* PFDevelopKitTests.m */,
				EDDCCB9B219426F500FA401E /* Info.plist */,
			);
			path = PFDevelopKitTests;
			sourceTree = "<group>";
		};
		EDDCCBA3219426F500FA401E /* PFDevelopKitUITests */ = {
			isa = PBXGroup;
			children = (
				EDDCCBA4219426F500FA401E /* PFDevelopKitUITests.m */,
				EDDCCBA6219426F500FA401E /* Info.plist */,
			);
			path = PFDevelopKitUITests;
			sourceTree = "<group>";
		};
		EDEFEAB721AD1DC100F89C85 /* UICollectionViewDemo */ = {
			isa = PBXGroup;
			children = (
				EDEFEAB421AD1CD200F89C85 /* PFCLViewDemoVC.h */,
				EDEFEAB521AD1CD200F89C85 /* PFCLViewDemoVC.m */,
				EDEFEAB821AD1DEA00F89C85 /* GPSearchFilterVC.h */,
				EDEFEAB921AD1DEA00F89C85 /* GPSearchFilterVC.m */,
				EDEFEABE21AD3E8200F89C85 /* GPSearchFilterCLHeader.h */,
				EDEFEABF21AD3E8200F89C85 /* GPSearchFilterCLHeader.m */,
				EDEFEABB21AD3E2400F89C85 /* GPSearchFilterCLCell.h */,
				EDEFEABC21AD3E2400F89C85 /* GPSearchFilterCLCell.m */,
			);
			path = UICollectionViewDemo;
			sourceTree = "<group>";
		};
		EDF571E42266F8E6003CFAF6 /* CoreMotion */ = {
			isa = PBXGroup;
			children = (
				EDF571EA22670387003CFAF6 /* PFMotionVC.h */,
				EDF571EB22670387003CFAF6 /* PFMotionVC.m */,
			);
			path = CoreMotion;
			sourceTree = "<group>";
		};
		EDF571E52266F91A003CFAF6 /* UIKit */ = {
			isa = PBXGroup;
			children = (
				ED7E1A15219BB8150086907E /* PFWKWebView.h */,
				ED7E1A16219BB8150086907E /* PFWKWebView.m */,
				ED995396219EA50200B197F8 /* PFTestAlertVC.h */,
				ED995397219EA50200B197F8 /* PFTestAlertVC.m */,
				ED9885B521ABC52B00872903 /* PFUITextFieldDemoVC.h */,
				ED9885B621ABC52B00872903 /* PFUITextFieldDemoVC.m */,
				EDEFEAB721AD1DC100F89C85 /* UICollectionViewDemo */,
			);
			path = UIKit;
			sourceTree = "<group>";
		};
		EDF571E6226701E1003CFAF6 /* Home */ = {
			isa = PBXGroup;
			children = (
				EDDCCB80219426F400FA401E /* MainVC.h */,
				EDDCCB81219426F400FA401E /* MainVC.m */,
			);
			path = Home;
			sourceTree = "<group>";
		};
/* End PBXGroup section */

/* Begin PBXNativeTarget section */
		EDDCCB79219426F400FA401E /* PFDevelopKit */ = {
			isa = PBXNativeTarget;
			buildConfigurationList = EDDCCBA9219426F500FA401E /* Build configuration list for PBXNativeTarget "PFDevelopKit" */;
			buildPhases = (
				22E2475C2CA59E624E40ADDE /* [CP] Check Pods Manifest.lock */,
				EDDCCB76219426F400FA401E /* Sources */,
				EDDCCB77219426F400FA401E /* Frameworks */,
				EDDCCB78219426F400FA401E /* Resources */,
				34C282AA7F39D6A77E30C655 /* [CP] Copy Pods Resources */,
			);
			buildRules = (
			);
			dependencies = (
			);
			name = PFDevelopKit;
			productName = PFDevelopKit;
			productReference = EDDCCB7A219426F400FA401E /* PFDevelopKit.app */;
			productType = "com.apple.product-type.application";
		};
		EDDCCB94219426F500FA401E /* PFDevelopKitTests */ = {
			isa = PBXNativeTarget;
			buildConfigurationList = EDDCCBAC219426F500FA401E /* Build configuration list for PBXNativeTarget "PFDevelopKitTests" */;
			buildPhases = (
				5E22E3B34AC6B231C5D826F7 /* [CP] Check Pods Manifest.lock */,
				EDDCCB91219426F500FA401E /* Sources */,
				EDDCCB92219426F500FA401E /* Frameworks */,
				EDDCCB93219426F500FA401E /* Resources */,
			);
			buildRules = (
			);
			dependencies = (
				EDDCCB97219426F500FA401E /* PBXTargetDependency */,
			);
			name = PFDevelopKitTests;
			productName = PFDevelopKitTests;
			productReference = EDDCCB95219426F500FA401E /* PFDevelopKitTests.xctest */;
			productType = "com.apple.product-type.bundle.unit-test";
		};
		EDDCCB9F219426F500FA401E /* PFDevelopKitUITests */ = {
			isa = PBXNativeTarget;
			buildConfigurationList = EDDCCBAF219426F500FA401E /* Build configuration list for PBXNativeTarget "PFDevelopKitUITests" */;
			buildPhases = (
				AD50B63B7C3CAEAD3A0F3664 /* [CP] Check Pods Manifest.lock */,
				EDDCCB9C219426F500FA401E /* Sources */,
				EDDCCB9D219426F500FA401E /* Frameworks */,
				EDDCCB9E219426F500FA401E /* Resources */,
			);
			buildRules = (
			);
			dependencies = (
				EDDCCBA2219426F500FA401E /* PBXTargetDependency */,
			);
			name = PFDevelopKitUITests;
			productName = PFDevelopKitUITests;
			productReference = EDDCCBA0219426F500FA401E /* PFDevelopKitUITests.xctest */;
			productType = "com.apple.product-type.bundle.ui-testing";
		};
/* End PBXNativeTarget section */

/* Begin PBXProject section */
		EDDCCB72219426F300FA401E /* Project object */ = {
			isa = PBXProject;
			attributes = {
				LastUpgradeCheck = 1010;
				ORGANIZATIONNAME = YuanPengFei;
				TargetAttributes = {
					EDDCCB79219426F400FA401E = {
						CreatedOnToolsVersion = 10.1;
					};
					EDDCCB94219426F500FA401E = {
						CreatedOnToolsVersion = 10.1;
						TestTargetID = EDDCCB79219426F400FA401E;
					};
					EDDCCB9F219426F500FA401E = {
						CreatedOnToolsVersion = 10.1;
						TestTargetID = EDDCCB79219426F400FA401E;
					};
				};
			};
			buildConfigurationList = EDDCCB75219426F300FA401E /* Build configuration list for PBXProject "PFDevelopKit" */;
			compatibilityVersion = "Xcode 9.3";
			developmentRegion = en;
			hasScannedForEncodings = 0;
			knownRegions = (
				en,
				Base,
			);
			mainGroup = EDDCCB71219426F300FA401E;
			productRefGroup = EDDCCB7B219426F400FA401E /* Products */;
			projectDirPath = "";
			projectRoot = "";
			targets = (
				EDDCCB79219426F400FA401E /* PFDevelopKit */,
				EDDCCB94219426F500FA401E /* PFDevelopKitTests */,
				EDDCCB9F219426F500FA401E /* PFDevelopKitUITests */,
			);
		};
/* End PBXProject section */

/* Begin PBXResourcesBuildPhase section */
		EDDCCB78219426F400FA401E /* Resources */ = {
			isa = PBXResourcesBuildPhase;
			buildActionMask = 2147483647;
			files = (
				EDDCCB8D219426F500FA401E /* LaunchScreen.storyboard in Resources */,
				EDDCCB8A219426F500FA401E /* Assets.xcassets in Resources */,
			);
			runOnlyForDeploymentPostprocessing = 0;
		};
		EDDCCB93219426F500FA401E /* Resources */ = {
			isa = PBXResourcesBuildPhase;
			buildActionMask = 2147483647;
			files = (
			);
			runOnlyForDeploymentPostprocessing = 0;
		};
		EDDCCB9E219426F500FA401E /* Resources */ = {
			isa = PBXResourcesBuildPhase;
			buildActionMask = 2147483647;
			files = (
			);
			runOnlyForDeploymentPostprocessing = 0;
		};
/* End PBXResourcesBuildPhase section */

/* Begin PBXShellScriptBuildPhase section */
		22E2475C2CA59E624E40ADDE /* [CP] Check Pods Manifest.lock */ = {
			isa = PBXShellScriptBuildPhase;
			buildActionMask = 2147483647;
			files = (
			);
			inputFileListPaths = (
			);
			inputPaths = (
				"${PODS_PODFILE_DIR_PATH}/Podfile.lock",
				"${PODS_ROOT}/Manifest.lock",
			);
			name = "[CP] Check Pods Manifest.lock";
			outputFileListPaths = (
			);
			outputPaths = (
				"$(DERIVED_FILE_DIR)/Pods-PFDevelopKit-checkManifestLockResult.txt",
			);
			runOnlyForDeploymentPostprocessing = 0;
			shellPath = /bin/sh;
			shellScript = "diff \"${PODS_PODFILE_DIR_PATH}/Podfile.lock\" \"${PODS_ROOT}/Manifest.lock\" > /dev/null\nif [ $? != 0 ] ; then\n    # print error to STDERR\n    echo \"error: The sandbox is not in sync with the Podfile.lock. Run 'pod install' or update your CocoaPods installation.\" >&2\n    exit 1\nfi\n# This output is used by Xcode 'outputs' to avoid re-running this script phase.\necho \"SUCCESS\" > \"${SCRIPT_OUTPUT_FILE_0}\"\n";
			showEnvVarsInLog = 0;
		};
		34C282AA7F39D6A77E30C655 /* [CP] Copy Pods Resources */ = {
			isa = PBXShellScriptBuildPhase;
			buildActionMask = 2147483647;
			files = (
			);
			inputFileListPaths = (
			);
			inputPaths = (
				"${SRCROOT}/Pods/Target Support Files/Pods-PFDevelopKit/Pods-PFDevelopKit-resources.sh",
				"${PODS_ROOT}/SVProgressHUD/SVProgressHUD/SVProgressHUD.bundle",
			);
			name = "[CP] Copy Pods Resources";
			outputFileListPaths = (
			);
			outputPaths = (
				"${TARGET_BUILD_DIR}/${UNLOCALIZED_RESOURCES_FOLDER_PATH}/SVProgressHUD.bundle",
			);
			runOnlyForDeploymentPostprocessing = 0;
			shellPath = /bin/sh;
			shellScript = "\"${SRCROOT}/Pods/Target Support Files/Pods-PFDevelopKit/Pods-PFDevelopKit-resources.sh\"\n";
			showEnvVarsInLog = 0;
		};
		5E22E3B34AC6B231C5D826F7 /* [CP] Check Pods Manifest.lock */ = {
			isa = PBXShellScriptBuildPhase;
			buildActionMask = 2147483647;
			files = (
			);
			inputFileListPaths = (
			);
			inputPaths = (
				"${PODS_PODFILE_DIR_PATH}/Podfile.lock",
				"${PODS_ROOT}/Manifest.lock",
			);
			name = "[CP] Check Pods Manifest.lock";
			outputFileListPaths = (
			);
			outputPaths = (
				"$(DERIVED_FILE_DIR)/Pods-PFDevelopKitTests-checkManifestLockResult.txt",
			);
			runOnlyForDeploymentPostprocessing = 0;
			shellPath = /bin/sh;
			shellScript = "diff \"${PODS_PODFILE_DIR_PATH}/Podfile.lock\" \"${PODS_ROOT}/Manifest.lock\" > /dev/null\nif [ $? != 0 ] ; then\n    # print error to STDERR\n    echo \"error: The sandbox is not in sync with the Podfile.lock. Run 'pod install' or update your CocoaPods installation.\" >&2\n    exit 1\nfi\n# This output is used by Xcode 'outputs' to avoid re-running this script phase.\necho \"SUCCESS\" > \"${SCRIPT_OUTPUT_FILE_0}\"\n";
			showEnvVarsInLog = 0;
		};
		AD50B63B7C3CAEAD3A0F3664 /* [CP] Check Pods Manifest.lock */ = {
			isa = PBXShellScriptBuildPhase;
			buildActionMask = 2147483647;
			files = (
			);
			inputFileListPaths = (
			);
			inputPaths = (
				"${PODS_PODFILE_DIR_PATH}/Podfile.lock",
				"${PODS_ROOT}/Manifest.lock",
			);
			name = "[CP] Check Pods Manifest.lock";
			outputFileListPaths = (
			);
			outputPaths = (
				"$(DERIVED_FILE_DIR)/Pods-PFDevelopKitUITests-checkManifestLockResult.txt",
			);
			runOnlyForDeploymentPostprocessing = 0;
			shellPath = /bin/sh;
			shellScript = "diff \"${PODS_PODFILE_DIR_PATH}/Podfile.lock\" \"${PODS_ROOT}/Manifest.lock\" > /dev/null\nif [ $? != 0 ] ; then\n    # print error to STDERR\n    echo \"error: The sandbox is not in sync with the Podfile.lock. Run 'pod install' or update your CocoaPods installation.\" >&2\n    exit 1\nfi\n# This output is used by Xcode 'outputs' to avoid re-running this script phase.\necho \"SUCCESS\" > \"${SCRIPT_OUTPUT_FILE_0}\"\n";
			showEnvVarsInLog = 0;
		};
/* End PBXShellScriptBuildPhase section */

/* Begin PBXSourcesBuildPhase section */
		EDDCCB76219426F400FA401E /* Sources */ = {
			isa = PBXSourcesBuildPhase;
			buildActionMask = 2147483647;
			files = (
				EDDCCB82219426F400FA401E /* MainVC.m in Sources */,
				EDDCCB7F219426F400FA401E /* AppDelegate.m in Sources */,
				ED7E1A17219BB8150086907E /* PFWKWebView.m in Sources */,
				ED995395219EA36600B197F8 /* UIAlertController+PPP.m in Sources */,
				ED09C45F21942B3E00D41F08 /* PFDeviceInfoTool.m in Sources */,
				EDDCCB90219426F500FA401E /* main.m in Sources */,
				EDDCCB88219426F400FA401E /* PFDevelopKit.xcdatamodeld in Sources */,
				ED9885B721ABC52B00872903 /* PFUITextFieldDemoVC.m in Sources */,
				ED67EAC121A3A82400C9F524 /* NSString+Addition.m in Sources */,
				ED32A82C21AEA81600C4EE9E /* Addition.m in Sources */,
				ED995390219E94F800B197F8 /* UIImage+Addition.m in Sources */,
				ED1BCF0D21942910006924D9 /* UILabel+Addition.m in Sources */,
				ED1BCF0F21942910006924D9 /* UIColor+Addition.m in Sources */,
				ED1BCF0E21942910006924D9 /* UIButton+Addition.m in Sources */,
				EDEFEAC021AD3E8200F89C85 /* GPSearchFilterCLHeader.m in Sources */,
				EDD70380219AA92200BBEC49 /* WKWebView+Addition.m in Sources */,
				EDEFEAB621AD1CD200F89C85 /* PFCLViewDemoVC.m in Sources */,
				EDF571EC22670387003CFAF6 /* PFMotionVC.m in Sources */,
				ED995398219EA50200B197F8 /* PFTestAlertVC.m in Sources */,
				EDEFEABD21AD3E2400F89C85 /* GPSearchFilterCLCell.m in Sources */,
				EDEFEABA21AD1DEA00F89C85 /* GPSearchFilterVC.m in Sources */,
			);
			runOnlyForDeploymentPostprocessing = 0;
		};
		EDDCCB91219426F500FA401E /* Sources */ = {
			isa = PBXSourcesBuildPhase;
			buildActionMask = 2147483647;
			files = (
				EDDCCB9A219426F500FA401E /* PFDevelopKitTests.m in Sources */,
			);
			runOnlyForDeploymentPostprocessing = 0;
		};
		EDDCCB9C219426F500FA401E /* Sources */ = {
			isa = PBXSourcesBuildPhase;
			buildActionMask = 2147483647;
			files = (
				EDDCCBA5219426F500FA401E /* PFDevelopKitUITests.m in Sources */,
			);
			runOnlyForDeploymentPostprocessing = 0;
		};
/* End PBXSourcesBuildPhase section */

/* Begin PBXTargetDependency section */
		EDDCCB97219426F500FA401E /* PBXTargetDependency */ = {
			isa = PBXTargetDependency;
			target = EDDCCB79219426F400FA401E /* PFDevelopKit */;
			targetProxy = EDDCCB96219426F500FA401E /* PBXContainerItemProxy */;
		};
		EDDCCBA2219426F500FA401E /* PBXTargetDependency */ = {
			isa = PBXTargetDependency;
			target = EDDCCB79219426F400FA401E /* PFDevelopKit */;
			targetProxy = EDDCCBA1219426F500FA401E /* PBXContainerItemProxy */;
		};
/* End PBXTargetDependency section */

/* Begin PBXVariantGroup section */
		EDDCCB8B219426F500FA401E /* LaunchScreen.storyboard */ = {
			isa = PBXVariantGroup;
			children = (
				EDDCCB8C219426F500FA401E /* Base */,
			);
			name = LaunchScreen.storyboard;
			sourceTree = "<group>";
		};
/* End PBXVariantGroup section */

/* Begin XCBuildConfiguration section */
		EDDCCBA7219426F500FA401E /* Debug */ = {
			isa = XCBuildConfiguration;
			buildSettings = {
				ALWAYS_SEARCH_USER_PATHS = NO;
				CLANG_ANALYZER_NONNULL = YES;
				CLANG_ANALYZER_NUMBER_OBJECT_CONVERSION = YES_AGGRESSIVE;
				CLANG_CXX_LANGUAGE_STANDARD = "gnu++14";
				CLANG_CXX_LIBRARY = "libc++";
				CLANG_ENABLE_MODULES = YES;
				CLANG_ENABLE_OBJC_ARC = YES;
				CLANG_ENABLE_OBJC_WEAK = YES;
				CLANG_WARN_BLOCK_CAPTURE_AUTORELEASING = YES;
				CLANG_WARN_BOOL_CONVERSION = YES;
				CLANG_WARN_COMMA = YES;
				CLANG_WARN_CONSTANT_CONVERSION = YES;
				CLANG_WARN_DEPRECATED_OBJC_IMPLEMENTATIONS = YES;
				CLANG_WARN_DIRECT_OBJC_ISA_USAGE = YES_ERROR;
				CLANG_WARN_DOCUMENTATION_COMMENTS = YES;
				CLANG_WARN_EMPTY_BODY = YES;
				CLANG_WARN_ENUM_CONVERSION = YES;
				CLANG_WARN_INFINITE_RECURSION = YES;
				CLANG_WARN_INT_CONVERSION = YES;
				CLANG_WARN_NON_LITERAL_NULL_CONVERSION = YES;
				CLANG_WARN_OBJC_IMPLICIT_RETAIN_SELF = YES;
				CLANG_WARN_OBJC_LITERAL_CONVERSION = YES;
				CLANG_WARN_OBJC_ROOT_CLASS = YES_ERROR;
				CLANG_WARN_RANGE_LOOP_ANALYSIS = YES;
				CLANG_WARN_STRICT_PROTOTYPES = YES;
				CLANG_WARN_SUSPICIOUS_MOVE = YES;
				CLANG_WARN_UNGUARDED_AVAILABILITY = YES_AGGRESSIVE;
				CLANG_WARN_UNREACHABLE_CODE = YES;
				CLANG_WARN__DUPLICATE_METHOD_MATCH = YES;
				CODE_SIGN_IDENTITY = "iPhone Developer";
				COPY_PHASE_STRIP = NO;
				DEBUG_INFORMATION_FORMAT = dwarf;
				ENABLE_STRICT_OBJC_MSGSEND = YES;
				ENABLE_TESTABILITY = YES;
				GCC_C_LANGUAGE_STANDARD = gnu11;
				GCC_DYNAMIC_NO_PIC = NO;
				GCC_NO_COMMON_BLOCKS = YES;
				GCC_OPTIMIZATION_LEVEL = 0;
				GCC_PREPROCESSOR_DEFINITIONS = (
					"DEBUG=1",
					"$(inherited)",
				);
				GCC_WARN_64_TO_32_BIT_CONVERSION = YES;
				GCC_WARN_ABOUT_RETURN_TYPE = YES_ERROR;
				GCC_WARN_UNDECLARED_SELECTOR = YES;
				GCC_WARN_UNINITIALIZED_AUTOS = YES_AGGRESSIVE;
				GCC_WARN_UNUSED_FUNCTION = YES;
				GCC_WARN_UNUSED_VARIABLE = YES;
				IPHONEOS_DEPLOYMENT_TARGET = 9.0;
				MTL_ENABLE_DEBUG_INFO = INCLUDE_SOURCE;
				MTL_FAST_MATH = YES;
				ONLY_ACTIVE_ARCH = YES;
				SDKROOT = iphoneos;
			};
			name = Debug;
		};
		EDDCCBA8219426F500FA401E /* Release */ = {
			isa = XCBuildConfiguration;
			buildSettings = {
				ALWAYS_SEARCH_USER_PATHS = NO;
				CLANG_ANALYZER_NONNULL = YES;
				CLANG_ANALYZER_NUMBER_OBJECT_CONVERSION = YES_AGGRESSIVE;
				CLANG_CXX_LANGUAGE_STANDARD = "gnu++14";
				CLANG_CXX_LIBRARY = "libc++";
				CLANG_ENABLE_MODULES = YES;
				CLANG_ENABLE_OBJC_ARC = YES;
				CLANG_ENABLE_OBJC_WEAK = YES;
				CLANG_WARN_BLOCK_CAPTURE_AUTORELEASING = YES;
				CLANG_WARN_BOOL_CONVERSION = YES;
				CLANG_WARN_COMMA = YES;
				CLANG_WARN_CONSTANT_CONVERSION = YES;
				CLANG_WARN_DEPRECATED_OBJC_IMPLEMENTATIONS = YES;
				CLANG_WARN_DIRECT_OBJC_ISA_USAGE = YES_ERROR;
				CLANG_WARN_DOCUMENTATION_COMMENTS = YES;
				CLANG_WARN_EMPTY_BODY = YES;
				CLANG_WARN_ENUM_CONVERSION = YES;
				CLANG_WARN_INFINITE_RECURSION = YES;
				CLANG_WARN_INT_CONVERSION = YES;
				CLANG_WARN_NON_LITERAL_NULL_CONVERSION = YES;
				CLANG_WARN_OBJC_IMPLICIT_RETAIN_SELF = YES;
				CLANG_WARN_OBJC_LITERAL_CONVERSION = YES;
				CLANG_WARN_OBJC_ROOT_CLASS = YES_ERROR;
				CLANG_WARN_RANGE_LOOP_ANALYSIS = YES;
				CLANG_WARN_STRICT_PROTOTYPES = YES;
				CLANG_WARN_SUSPICIOUS_MOVE = YES;
				CLANG_WARN_UNGUARDED_AVAILABILITY = YES_AGGRESSIVE;
				CLANG_WARN_UNREACHABLE_CODE = YES;
				CLANG_WARN__DUPLICATE_METHOD_MATCH = YES;
				CODE_SIGN_IDENTITY = "iPhone Developer";
				COPY_PHASE_STRIP = NO;
				DEBUG_INFORMATION_FORMAT = "dwarf-with-dsym";
				ENABLE_NS_ASSERTIONS = NO;
				ENABLE_STRICT_OBJC_MSGSEND = YES;
				GCC_C_LANGUAGE_STANDARD = gnu11;
				GCC_NO_COMMON_BLOCKS = YES;
				GCC_WARN_64_TO_32_BIT_CONVERSION = YES;
				GCC_WARN_ABOUT_RETURN_TYPE = YES_ERROR;
				GCC_WARN_UNDECLARED_SELECTOR = YES;
				GCC_WARN_UNINITIALIZED_AUTOS = YES_AGGRESSIVE;
				GCC_WARN_UNUSED_FUNCTION = YES;
				GCC_WARN_UNUSED_VARIABLE = YES;
				IPHONEOS_DEPLOYMENT_TARGET = 9.0;
				MTL_ENABLE_DEBUG_INFO = NO;
				MTL_FAST_MATH = YES;
				SDKROOT = iphoneos;
				VALIDATE_PRODUCT = YES;
			};
			name = Release;
		};
		EDDCCBAA219426F500FA401E /* Debug */ = {
			isa = XCBuildConfiguration;
			baseConfigurationReference = 32DCE13ED38E345B3D6FE071 /* Pods-PFDevelopKit.debug.xcconfig */;
			buildSettings = {
				ASSETCATALOG_COMPILER_APPICON_NAME = AppIcon;
				CODE_SIGN_STYLE = Automatic;
				DEVELOPMENT_TEAM = 8YBVA5HWVA;
				GCC_PRECOMPILE_PREFIX_HEADER = YES;
				GCC_PREFIX_HEADER = $SRCROOT/PFDevelopKit/PrefixHeader.pch;
				INFOPLIST_FILE = "$(SRCROOT)/PFDevelopKit/Resource/Info.plist";
				IPHONEOS_DEPLOYMENT_TARGET = 9.0;
				LD_RUNPATH_SEARCH_PATHS = (
					"$(inherited)",
					"@executable_path/Frameworks",
				);
				PRODUCT_BUNDLE_IDENTIFIER = com.ypf.app.PFDevelopKit;
				PRODUCT_NAME = "$(TARGET_NAME)";
				TARGETED_DEVICE_FAMILY = "1,2";
			};
			name = Debug;
		};
		EDDCCBAB219426F500FA401E /* Release */ = {
			isa = XCBuildConfiguration;
			baseConfigurationReference = 762E4A224999B8BD04C012D0 /* Pods-PFDevelopKit.release.xcconfig */;
			buildSettings = {
				ASSETCATALOG_COMPILER_APPICON_NAME = AppIcon;
				CODE_SIGN_STYLE = Automatic;
				DEVELOPMENT_TEAM = 8YBVA5HWVA;
				GCC_PRECOMPILE_PREFIX_HEADER = YES;
				GCC_PREFIX_HEADER = $SRCROOT/PFDevelopKit/PrefixHeader.pch;
				INFOPLIST_FILE = "$(SRCROOT)/PFDevelopKit/Resource/Info.plist";
				IPHONEOS_DEPLOYMENT_TARGET = 9.0;
				LD_RUNPATH_SEARCH_PATHS = (
					"$(inherited)",
					"@executable_path/Frameworks",
				);
				PRODUCT_BUNDLE_IDENTIFIER = com.ypf.app.PFDevelopKit;
				PRODUCT_NAME = "$(TARGET_NAME)";
				TARGETED_DEVICE_FAMILY = "1,2";
			};
			name = Release;
		};
		EDDCCBAD219426F500FA401E /* Debug */ = {
			isa = XCBuildConfiguration;
			baseConfigurationReference = 7B878156A7F925973FE86B33 /* Pods-PFDevelopKitTests.debug.xcconfig */;
			buildSettings = {
				BUNDLE_LOADER = "$(TEST_HOST)";
				CODE_SIGN_STYLE = Automatic;
				DEVELOPMENT_TEAM = 8YBVA5HWVA;
				INFOPLIST_FILE = PFDevelopKitTests/Info.plist;
				LD_RUNPATH_SEARCH_PATHS = (
					"$(inherited)",
					"@executable_path/Frameworks",
					"@loader_path/Frameworks",
				);
				PRODUCT_BUNDLE_IDENTIFIER = com.ypf.app.PFDevelopKitTests;
				PRODUCT_NAME = "$(TARGET_NAME)";
				TARGETED_DEVICE_FAMILY = "1,2";
				TEST_HOST = "$(BUILT_PRODUCTS_DIR)/PFDevelopKit.app/PFDevelopKit";
			};
			name = Debug;
		};
		EDDCCBAE219426F500FA401E /* Release */ = {
			isa = XCBuildConfiguration;
			baseConfigurationReference = 288623965B3FBA042710A0C9 /* Pods-PFDevelopKitTests.release.xcconfig */;
			buildSettings = {
				BUNDLE_LOADER = "$(TEST_HOST)";
				CODE_SIGN_STYLE = Automatic;
				DEVELOPMENT_TEAM = 8YBVA5HWVA;
				INFOPLIST_FILE = PFDevelopKitTests/Info.plist;
				LD_RUNPATH_SEARCH_PATHS = (
					"$(inherited)",
					"@executable_path/Frameworks",
					"@loader_path/Frameworks",
				);
				PRODUCT_BUNDLE_IDENTIFIER = com.ypf.app.PFDevelopKitTests;
				PRODUCT_NAME = "$(TARGET_NAME)";
				TARGETED_DEVICE_FAMILY = "1,2";
				TEST_HOST = "$(BUILT_PRODUCTS_DIR)/PFDevelopKit.app/PFDevelopKit";
			};
			name = Release;
		};
		EDDCCBB0219426F500FA401E /* Debug */ = {
			isa = XCBuildConfiguration;
			baseConfigurationReference = B6C44A9606D73F236288455E /* Pods-PFDevelopKitUITests.debug.xcconfig */;
			buildSettings = {
				CODE_SIGN_STYLE = Automatic;
				DEVELOPMENT_TEAM = 8YBVA5HWVA;
				INFOPLIST_FILE = PFDevelopKitUITests/Info.plist;
				LD_RUNPATH_SEARCH_PATHS = (
					"$(inherited)",
					"@executable_path/Frameworks",
					"@loader_path/Frameworks",
				);
				PRODUCT_BUNDLE_IDENTIFIER = com.ypf.app.PFDevelopKitUITests;
				PRODUCT_NAME = "$(TARGET_NAME)";
				TARGETED_DEVICE_FAMILY = "1,2";
				TEST_TARGET_NAME = PFDevelopKit;
			};
			name = Debug;
		};
		EDDCCBB1219426F500FA401E /* Release */ = {
			isa = XCBuildConfiguration;
			baseConfigurationReference = B1ADF5B2A611A6FEBCA2D6F8 /* Pods-PFDevelopKitUITests.release.xcconfig */;
			buildSettings = {
				CODE_SIGN_STYLE = Automatic;
				DEVELOPMENT_TEAM = 8YBVA5HWVA;
				INFOPLIST_FILE = PFDevelopKitUITests/Info.plist;
				LD_RUNPATH_SEARCH_PATHS = (
					"$(inherited)",
					"@executable_path/Frameworks",
					"@loader_path/Frameworks",
				);
				PRODUCT_BUNDLE_IDENTIFIER = com.ypf.app.PFDevelopKitUITests;
				PRODUCT_NAME = "$(TARGET_NAME)";
				TARGETED_DEVICE_FAMILY = "1,2";
				TEST_TARGET_NAME = PFDevelopKit;
			};
			name = Release;
		};
/* End XCBuildConfiguration section */

/* Begin XCConfigurationList section */
		EDDCCB75219426F300FA401E /* Build configuration list for PBXProject "PFDevelopKit" */ = {
			isa = XCConfigurationList;
			buildConfigurations = (
				EDDCCBA7219426F500FA401E /* Debug */,
				EDDCCBA8219426F500FA401E /* Release */,
			);
			defaultConfigurationIsVisible = 0;
			defaultConfigurationName = Release;
		};
		EDDCCBA9219426F500FA401E /* Build configuration list for PBXNativeTarget "PFDevelopKit" */ = {
			isa = XCConfigurationList;
			buildConfigurations = (
				EDDCCBAA219426F500FA401E /* Debug */,
				EDDCCBAB219426F500FA401E /* Release */,
			);
			defaultConfigurationIsVisible = 0;
			defaultConfigurationName = Release;
		};
		EDDCCBAC219426F500FA401E /* Build configuration list for PBXNativeTarget "PFDevelopKitTests" */ = {
			isa = XCConfigurationList;
			buildConfigurations = (
				EDDCCBAD219426F500FA401E /* Debug */,
				EDDCCBAE219426F500FA401E /* Release */,
			);
			defaultConfigurationIsVisible = 0;
			defaultConfigurationName = Release;
		};
		EDDCCBAF219426F500FA401E /* Build configuration list for PBXNativeTarget "PFDevelopKitUITests" */ = {
			isa = XCConfigurationList;
			buildConfigurations = (
				EDDCCBB0219426F500FA401E /* Debug */,
				EDDCCBB1219426F500FA401E /* Release */,
			);
			defaultConfigurationIsVisible = 0;
			defaultConfigurationName = Release;
		};
/* End XCConfigurationList section */

/* Begin XCVersionGroup section */
		EDDCCB86219426F400FA401E /* PFDevelopKit.xcdatamodeld */ = {
			isa = XCVersionGroup;
			children = (
				EDDCCB87219426F400FA401E /* PFDevelopKit.xcdatamodel */,
			);
			currentVersion = EDDCCB87219426F400FA401E /* PFDevelopKit.xcdatamodel */;
			path = PFDevelopKit.xcdatamodeld;
			sourceTree = "<group>";
			versionGroupType = wrapper.xcdatamodel;
		};
/* End XCVersionGroup section */
	};
	rootObject = EDDCCB72219426F300FA401E /* Project object */;
}
